// !$*UTF8*$!
{
	archiveVersion = 1;
	classes = {
	};
	objectVersion = 56;
	objects = {

/* Begin PBXBuildFile section */
		B508700429AFDF790009ACD3 /* WebImageView.swift in Sources */ = {isa = PBXBuildFile; fileRef = B508700329AFDF790009ACD3 /* WebImageView.swift */; };
		B5B96ADE29AE0188009B31BB /* AppDelegate.swift in Sources */ = {isa = PBXBuildFile; fileRef = B5B96ADD29AE0188009B31BB /* AppDelegate.swift */; };
		B5B96AE029AE0188009B31BB /* SceneDelegate.swift in Sources */ = {isa = PBXBuildFile; fileRef = B5B96ADF29AE0188009B31BB /* SceneDelegate.swift */; };
		B5B96AE229AE0188009B31BB /* LaunchViewController.swift in Sources */ = {isa = PBXBuildFile; fileRef = B5B96AE129AE0188009B31BB /* LaunchViewController.swift */; };
		B5B96AE729AE0189009B31BB /* Assets.xcassets in Resources */ = {isa = PBXBuildFile; fileRef = B5B96AE629AE0189009B31BB /* Assets.xcassets */; };
		B5B96AEA29AE0189009B31BB /* LaunchScreen.storyboard in Resources */ = {isa = PBXBuildFile; fileRef = B5B96AE829AE0189009B31BB /* LaunchScreen.storyboard */; };
		B5B96AF929AE0AD6009B31BB /* Moya in Frameworks */ = {isa = PBXBuildFile; productRef = B5B96AF829AE0AD6009B31BB /* Moya */; };
		B5B96AFC29AE0B0C009B31BB /* Alamofire in Frameworks */ = {isa = PBXBuildFile; productRef = B5B96AFB29AE0B0C009B31BB /* Alamofire */; };
		B5B96AFF29AE0C23009B31BB /* Stevia in Frameworks */ = {isa = PBXBuildFile; productRef = B5B96AFE29AE0C23009B31BB /* Stevia */; };
		B5B96B0229AE3BEB009B31BB /* LaunchModel.swift in Sources */ = {isa = PBXBuildFile; fileRef = B5B96B0129AE3BEB009B31BB /* LaunchModel.swift */; };
		B5B96B0429AE95D6009B31BB /* ApiService.swift in Sources */ = {isa = PBXBuildFile; fileRef = B5B96B0329AE95D6009B31BB /* ApiService.swift */; };
		B5B96B0629AE96B7009B31BB /* String+URL.swift in Sources */ = {isa = PBXBuildFile; fileRef = B5B96B0529AE96B7009B31BB /* String+URL.swift */; };
		B5B96B0B29AF6CDA009B31BB /* LaunchTableViewCell.swift in Sources */ = {isa = PBXBuildFile; fileRef = B5B96B0A29AF6CDA009B31BB /* LaunchTableViewCell.swift */; };
/* End PBXBuildFile section */

/* Begin PBXFileReference section */
		B508700329AFDF790009ACD3 /* WebImageView.swift */ = {isa = PBXFileReference; lastKnownFileType = sourcecode.swift; path = WebImageView.swift; sourceTree = "<group>"; };
		B5B96ADA29AE0188009B31BB /* spaceXapi.app */ = {isa = PBXFileReference; explicitFileType = wrapper.application; includeInIndex = 0; path = spaceXapi.app; sourceTree = BUILT_PRODUCTS_DIR; };
		B5B96ADD29AE0188009B31BB /* AppDelegate.swift */ = {isa = PBXFileReference; lastKnownFileType = sourcecode.swift; path = AppDelegate.swift; sourceTree = "<group>"; };
		B5B96ADF29AE0188009B31BB /* SceneDelegate.swift */ = {isa = PBXFileReference; lastKnownFileType = sourcecode.swift; path = SceneDelegate.swift; sourceTree = "<group>"; };
		B5B96AE129AE0188009B31BB /* LaunchViewController.swift */ = {isa = PBXFileReference; lastKnownFileType = sourcecode.swift; path = LaunchViewController.swift; sourceTree = "<group>"; };
		B5B96AE629AE0189009B31BB /* Assets.xcassets */ = {isa = PBXFileReference; lastKnownFileType = folder.assetcatalog; path = Assets.xcassets; sourceTree = "<group>"; };
		B5B96AE929AE0189009B31BB /* Base */ = {isa = PBXFileReference; lastKnownFileType = file.storyboard; name = Base; path = Base.lproj/LaunchScreen.storyboard; sourceTree = "<group>"; };
		B5B96AEB29AE0189009B31BB /* Info.plist */ = {isa = PBXFileReference; lastKnownFileType = text.plist.xml; path = Info.plist; sourceTree = "<group>"; };
		B5B96B0129AE3BEB009B31BB /* LaunchModel.swift */ = {isa = PBXFileReference; lastKnownFileType = sourcecode.swift; path = LaunchModel.swift; sourceTree = "<group>"; };
		B5B96B0329AE95D6009B31BB /* ApiService.swift */ = {isa = PBXFileReference; lastKnownFileType = sourcecode.swift; path = ApiService.swift; sourceTree = "<group>"; };
		B5B96B0529AE96B7009B31BB /* String+URL.swift */ = {isa = PBXFileReference; lastKnownFileType = sourcecode.swift; path = "String+URL.swift"; sourceTree = "<group>"; };
		B5B96B0A29AF6CDA009B31BB /* LaunchTableViewCell.swift */ = {isa = PBXFileReference; lastKnownFileType = sourcecode.swift; path = LaunchTableViewCell.swift; sourceTree = "<group>"; };
/* End PBXFileReference section */

/* Begin PBXFrameworksBuildPhase section */
		B5B96AD729AE0188009B31BB /* Frameworks */ = {
			isa = PBXFrameworksBuildPhase;
			buildActionMask = 2147483647;
			files = (
				B5B96AFF29AE0C23009B31BB /* Stevia in Frameworks */,
				B5B96AF929AE0AD6009B31BB /* Moya in Frameworks */,
				B5B96AFC29AE0B0C009B31BB /* Alamofire in Frameworks */,
			);
			runOnlyForDeploymentPostprocessing = 0;
		};
/* End PBXFrameworksBuildPhase section */

/* Begin PBXGroup section */
		B5B96AD129AE0188009B31BB = {
			isa = PBXGroup;
			children = (
				B5B96ADC29AE0188009B31BB /* spaceXapi */,
				B5B96ADB29AE0188009B31BB /* Products */,
			);
			sourceTree = "<group>";
		};
		B5B96ADB29AE0188009B31BB /* Products */ = {
			isa = PBXGroup;
			children = (
				B5B96ADA29AE0188009B31BB /* spaceXapi.app */,
			);
			name = Products;
			sourceTree = "<group>";
		};
		B5B96ADC29AE0188009B31BB /* spaceXapi */ = {
			isa = PBXGroup;
			children = (
				B5B96B0729AF6BA8009B31BB /* Application */,
				B5B96AE129AE0188009B31BB /* LaunchViewController.swift */,
				B5B96B0A29AF6CDA009B31BB /* LaunchTableViewCell.swift */,
				B5B96B0829AF6BB4009B31BB /* Network */,
				B5B96B0529AE96B7009B31BB /* String+URL.swift */,
				B508700329AFDF790009ACD3 /* WebImageView.swift */,
				B5B96B0029AE3BDA009B31BB /* Model */,
				B5B96B0929AF6BC1009B31BB /* Resource */,
			);
			path = spaceXapi;
			sourceTree = "<group>";
		};
		B5B96B0029AE3BDA009B31BB /* Model */ = {
			isa = PBXGroup;
			children = (
				B5B96B0129AE3BEB009B31BB /* LaunchModel.swift */,
			);
			path = Model;
			sourceTree = "<group>";
		};
		B5B96B0729AF6BA8009B31BB /* Application */ = {
			isa = PBXGroup;
			children = (
				B5B96ADD29AE0188009B31BB /* AppDelegate.swift */,
				B5B96ADF29AE0188009B31BB /* SceneDelegate.swift */,
			);
			path = Application;
			sourceTree = "<group>";
		};
		B5B96B0829AF6BB4009B31BB /* Network */ = {
			isa = PBXGroup;
			children = (
				B5B96B0329AE95D6009B31BB /* ApiService.swift */,
			);
			path = Network;
			sourceTree = "<group>";
		};
		B5B96B0929AF6BC1009B31BB /* Resource */ = {
			isa = PBXGroup;
			children = (
				B5B96AE629AE0189009B31BB /* Assets.xcassets */,
				B5B96AE829AE0189009B31BB /* LaunchScreen.storyboard */,
				B5B96AEB29AE0189009B31BB /* Info.plist */,
			);
			path = Resource;
			sourceTree = "<group>";
		};
/* End PBXGroup section */

/* Begin PBXNativeTarget section */
		B5B96AD929AE0188009B31BB /* spaceXapi */ = {
			isa = PBXNativeTarget;
			buildConfigurationList = B5B96AEE29AE0189009B31BB /* Build configuration list for PBXNativeTarget "spaceXapi" */;
			buildPhases = (
				B5B96AD629AE0188009B31BB /* Sources */,
				B5B96AD729AE0188009B31BB /* Frameworks */,
				B5B96AD829AE0188009B31BB /* Resources */,
			);
			buildRules = (
			);
			dependencies = (
			);
			name = spaceXapi;
			packageProductDependencies = (
				B5B96AF829AE0AD6009B31BB /* Moya */,
				B5B96AFB29AE0B0C009B31BB /* Alamofire */,
				B5B96AFE29AE0C23009B31BB /* Stevia */,
			);
			productName = spaceXapi;
			productReference = B5B96ADA29AE0188009B31BB /* spaceXapi.app */;
			productType = "com.apple.product-type.application";
		};
/* End PBXNativeTarget section */

/* Begin PBXProject section */
		B5B96AD229AE0188009B31BB /* Project object */ = {
			isa = PBXProject;
			attributes = {
				BuildIndependentTargetsInParallel = 1;
				LastSwiftUpdateCheck = 1410;
				LastUpgradeCheck = 1410;
				TargetAttributes = {
					B5B96AD929AE0188009B31BB = {
						CreatedOnToolsVersion = 14.1;
					};
				};
			};
			buildConfigurationList = B5B96AD529AE0188009B31BB /* Build configuration list for PBXProject "spaceXapi" */;
			compatibilityVersion = "Xcode 14.0";
			developmentRegion = en;
			hasScannedForEncodings = 0;
			knownRegions = (
				en,
				Base,
			);
			mainGroup = B5B96AD129AE0188009B31BB;
			packageReferences = (
				B5B96AF729AE0AD6009B31BB /* XCRemoteSwiftPackageReference "Moya" */,
				B5B96AFA29AE0B0C009B31BB /* XCRemoteSwiftPackageReference "Alamofire" */,
				B5B96AFD29AE0C23009B31BB /* XCRemoteSwiftPackageReference "Stevia" */,
			);
			productRefGroup = B5B96ADB29AE0188009B31BB /* Products */;
			projectDirPath = "";
			projectRoot = "";
			targets = (
				B5B96AD929AE0188009B31BB /* spaceXapi */,
			);
		};
/* End PBXProject section */

/* Begin PBXResourcesBuildPhase section */
		B5B96AD829AE0188009B31BB /* Resources */ = {
			isa = PBXResourcesBuildPhase;
			buildActionMask = 2147483647;
			files = (
				B5B96AEA29AE0189009B31BB /* LaunchScreen.storyboard in Resources */,
				B5B96AE729AE0189009B31BB /* Assets.xcassets in Resources */,
			);
			runOnlyForDeploymentPostprocessing = 0;
		};
/* End PBXResourcesBuildPhase section */

/* Begin PBXSourcesBuildPhase section */
		B5B96AD629AE0188009B31BB /* Sources */ = {
			isa = PBXSourcesBuildPhase;
			buildActionMask = 2147483647;
			files = (
				B5B96B0229AE3BEB009B31BB /* LaunchModel.swift in Sources */,
				B508700429AFDF790009ACD3 /* WebImageView.swift in Sources */,
				B5B96B0429AE95D6009B31BB /* ApiService.swift in Sources */,
				B5B96B0629AE96B7009B31BB /* String+URL.swift in Sources */,
				B5B96AE229AE0188009B31BB /* LaunchViewController.swift in Sources */,
				B5B96ADE29AE0188009B31BB /* AppDelegate.swift in Sources */,
				B5B96B0B29AF6CDA009B31BB /* LaunchTableViewCell.swift in Sources */,
				B5B96AE029AE0188009B31BB /* SceneDelegate.swift in Sources */,
			);
			runOnlyForDeploymentPostprocessing = 0;
		};
/* End PBXSourcesBuildPhase section */

/* Begin PBXVariantGroup section */
		B5B96AE829AE0189009B31BB /* LaunchScreen.storyboard */ = {
			isa = PBXVariantGroup;
			children = (
				B5B96AE929AE0189009B31BB /* Base */,
			);
			name = LaunchScreen.storyboard;
			sourceTree = "<group>";
		};
/* End PBXVariantGroup section */

/* Begin XCBuildConfiguration section */
		B5B96AEC29AE0189009B31BB /* Debug */ = {
			isa = XCBuildConfiguration;
			buildSettings = {
				ALWAYS_SEARCH_USER_PATHS = NO;
				CLANG_ANALYZER_NONNULL = YES;
				CLANG_ANALYZER_NUMBER_OBJECT_CONVERSION = YES_AGGRESSIVE;
				CLANG_CXX_LANGUAGE_STANDARD = "gnu++20";
				CLANG_ENABLE_MODULES = YES;
				CLANG_ENABLE_OBJC_ARC = YES;
				CLANG_ENABLE_OBJC_WEAK = YES;
				CLANG_WARN_BLOCK_CAPTURE_AUTORELEASING = YES;
				CLANG_WARN_BOOL_CONVERSION = YES;
				CLANG_WARN_COMMA = YES;
				CLANG_WARN_CONSTANT_CONVERSION = YES;
				CLANG_WARN_DEPRECATED_OBJC_IMPLEMENTATIONS = YES;
				CLANG_WARN_DIRECT_OBJC_ISA_USAGE = YES_ERROR;
				CLANG_WARN_DOCUMENTATION_COMMENTS = YES;
				CLANG_WARN_EMPTY_BODY = YES;
				CLANG_WARN_ENUM_CONVERSION = YES;
				CLANG_WARN_INFINITE_RECURSION = YES;
				CLANG_WARN_INT_CONVERSION = YES;
				CLANG_WARN_NON_LITERAL_NULL_CONVERSION = YES;
				CLANG_WARN_OBJC_IMPLICIT_RETAIN_SELF = YES;
				CLANG_WARN_OBJC_LITERAL_CONVERSION = YES;
				CLANG_WARN_OBJC_ROOT_CLASS = YES_ERROR;
				CLANG_WARN_QUOTED_INCLUDE_IN_FRAMEWORK_HEADER = YES;
				CLANG_WARN_RANGE_LOOP_ANALYSIS = YES;
				CLANG_WARN_STRICT_PROTOTYPES = YES;
				CLANG_WARN_SUSPICIOUS_MOVE = YES;
				CLANG_WARN_UNGUARDED_AVAILABILITY = YES_AGGRESSIVE;
				CLANG_WARN_UNREACHABLE_CODE = YES;
				CLANG_WARN__DUPLICATE_METHOD_MATCH = YES;
				COPY_PHASE_STRIP = NO;
				DEBUG_INFORMATION_FORMAT = dwarf;
				ENABLE_STRICT_OBJC_MSGSEND = YES;
				ENABLE_TESTABILITY = YES;
				GCC_C_LANGUAGE_STANDARD = gnu11;
				GCC_DYNAMIC_NO_PIC = NO;
				GCC_NO_COMMON_BLOCKS = YES;
				GCC_OPTIMIZATION_LEVEL = 0;
				GCC_PREPROCESSOR_DEFINITIONS = (
					"DEBUG=1",
					"$(inherited)",
				);
				GCC_WARN_64_TO_32_BIT_CONVERSION = YES;
				GCC_WARN_ABOUT_RETURN_TYPE = YES_ERROR;
				GCC_WARN_UNDECLARED_SELECTOR = YES;
				GCC_WARN_UNINITIALIZED_AUTOS = YES_AGGRESSIVE;
				GCC_WARN_UNUSED_FUNCTION = YES;
				GCC_WARN_UNUSED_VARIABLE = YES;
				IPHONEOS_DEPLOYMENT_TARGET = 12.0;
				MTL_ENABLE_DEBUG_INFO = INCLUDE_SOURCE;
				MTL_FAST_MATH = YES;
				ONLY_ACTIVE_ARCH = YES;
				SDKROOT = iphoneos;
				SWIFT_ACTIVE_COMPILATION_CONDITIONS = DEBUG;
				SWIFT_OPTIMIZATION_LEVEL = "-Onone";
			};
			name = Debug;
		};
		B5B96AED29AE0189009B31BB /* Release */ = {
			isa = XCBuildConfiguration;
			buildSettings = {
				ALWAYS_SEARCH_USER_PATHS = NO;
				CLANG_ANALYZER_NONNULL = YES;
				CLANG_ANALYZER_NUMBER_OBJECT_CONVERSION = YES_AGGRESSIVE;
				CLANG_CXX_LANGUAGE_STANDARD = "gnu++20";
				CLANG_ENABLE_MODULES = YES;
				CLANG_ENABLE_OBJC_ARC = YES;
				CLANG_ENABLE_OBJC_WEAK = YES;
				CLANG_WARN_BLOCK_CAPTURE_AUTORELEASING = YES;
				CLANG_WARN_BOOL_CONVERSION = YES;
				CLANG_WARN_COMMA = YES;
				CLANG_WARN_CONSTANT_CONVERSION = YES;
				CLANG_WARN_DEPRECATED_OBJC_IMPLEMENTATIONS = YES;
				CLANG_WARN_DIRECT_OBJC_ISA_USAGE = YES_ERROR;
				CLANG_WARN_DOCUMENTATION_COMMENTS = YES;
				CLANG_WARN_EMPTY_BODY = YES;
				CLANG_WARN_ENUM_CONVERSION = YES;
				CLANG_WARN_INFINITE_RECURSION = YES;
				CLANG_WARN_INT_CONVERSION = YES;
				CLANG_WARN_NON_LITERAL_NULL_CONVERSION = YES;
				CLANG_WARN_OBJC_IMPLICIT_RETAIN_SELF = YES;
				CLANG_WARN_OBJC_LITERAL_CONVERSION = YES;
				CLANG_WARN_OBJC_ROOT_CLASS = YES_ERROR;
				CLANG_WARN_QUOTED_INCLUDE_IN_FRAMEWORK_HEADER = YES;
				CLANG_WARN_RANGE_LOOP_ANALYSIS = YES;
				CLANG_WARN_STRICT_PROTOTYPES = YES;
				CLANG_WARN_SUSPICIOUS_MOVE = YES;
				CLANG_WARN_UNGUARDED_AVAILABILITY = YES_AGGRESSIVE;
				CLANG_WARN_UNREACHABLE_CODE = YES;
				CLANG_WARN__DUPLICATE_METHOD_MATCH = YES;
				COPY_PHASE_STRIP = NO;
				DEBUG_INFORMATION_FORMAT = "dwarf-with-dsym";
				ENABLE_NS_ASSERTIONS = NO;
				ENABLE_STRICT_OBJC_MSGSEND = YES;
				GCC_C_LANGUAGE_STANDARD = gnu11;
				GCC_NO_COMMON_BLOCKS = YES;
				GCC_WARN_64_TO_32_BIT_CONVERSION = YES;
				GCC_WARN_ABOUT_RETURN_TYPE = YES_ERROR;
				GCC_WARN_UNDECLARED_SELECTOR = YES;
				GCC_WARN_UNINITIALIZED_AUTOS = YES_AGGRESSIVE;
				GCC_WARN_UNUSED_FUNCTION = YES;
				GCC_WARN_UNUSED_VARIABLE = YES;
				IPHONEOS_DEPLOYMENT_TARGET = 12.0;
				MTL_ENABLE_DEBUG_INFO = NO;
				MTL_FAST_MATH = YES;
				SDKROOT = iphoneos;
				SWIFT_COMPILATION_MODE = wholemodule;
				SWIFT_OPTIMIZATION_LEVEL = "-O";
				VALIDATE_PRODUCT = YES;
			};
			name = Release;
		};
		B5B96AEF29AE0189009B31BB /* Debug */ = {
			isa = XCBuildConfiguration;
			buildSettings = {
				ASSETCATALOG_COMPILER_APPICON_NAME = AppIcon;
				ASSETCATALOG_COMPILER_GLOBAL_ACCENT_COLOR_NAME = AccentColor;
				CODE_SIGN_STYLE = Automatic;
				CURRENT_PROJECT_VERSION = 1;
				DEVELOPMENT_TEAM = 37FQQ4WXUX;
				GENERATE_INFOPLIST_FILE = YES;
				INFOPLIST_FILE = spaceXapi/Resource/Info.plist;
				INFOPLIST_KEY_UIApplicationSupportsIndirectInputEvents = YES;
				INFOPLIST_KEY_UILaunchStoryboardName = LaunchScreen;
				INFOPLIST_KEY_UIMainStoryboardFile = "";
				INFOPLIST_KEY_UISupportedInterfaceOrientations_iPad = "UIInterfaceOrientationPortrait UIInterfaceOrientationPortraitUpsideDown UIInterfaceOrientationLandscapeLeft UIInterfaceOrientationLandscapeRight";
				INFOPLIST_KEY_UISupportedInterfaceOrientations_iPhone = "UIInterfaceOrientationPortrait UIInterfaceOrientationLandscapeLeft UIInterfaceOrientationLandscapeRight";
				IPHONEOS_DEPLOYMENT_TARGET = 12.0;
				LD_RUNPATH_SEARCH_PATHS = (
					"$(inherited)",
					"@executable_path/Frameworks",
				);
				MARKETING_VERSION = 1.0;
				PRODUCT_BUNDLE_IDENTIFIER = alexei.poprotskii.spaceXapi;
				PRODUCT_NAME = "$(TARGET_NAME)";
				SUPPORTED_PLATFORMS = "iphoneos iphonesimulator";
				SUPPORTS_MACCATALYST = NO;
				SUPPORTS_MAC_DESIGNED_FOR_IPHONE_IPAD = NO;
				SWIFT_EMIT_LOC_STRINGS = YES;
				SWIFT_VERSION = 5.0;
				TARGETED_DEVICE_FAMILY = "1,2";
			};
			name = Debug;
		};
		B5B96AF029AE0189009B31BB /* Release */ = {
			isa = XCBuildConfiguration;
			buildSettings = {
				ASSETCATALOG_COMPILER_APPICON_NAME = AppIcon;
				ASSETCATALOG_COMPILER_GLOBAL_ACCENT_COLOR_NAME = AccentColor;
				CODE_SIGN_STYLE = Automatic;
				CURRENT_PROJECT_VERSION = 1;
				DEVELOPMENT_TEAM = 37FQQ4WXUX;
				GENERATE_INFOPLIST_FILE = YES;
				INFOPLIST_FILE = spaceXapi/Resource/Info.plist;
				INFOPLIST_KEY_UIApplicationSupportsIndirectInputEvents = YES;
				INFOPLIST_KEY_UILaunchStoryboardName = LaunchScreen;
				INFOPLIST_KEY_UIMainStoryboardFile = "";
				INFOPLIST_KEY_UISupportedInterfaceOrientations_iPad = "UIInterfaceOrientationPortrait UIInterfaceOrientationPortraitUpsideDown UIInterfaceOrientationLandscapeLeft UIInterfaceOrientationLandscapeRight";
				INFOPLIST_KEY_UISupportedInterfaceOrientations_iPhone = "UIInterfaceOrientationPortrait UIInterfaceOrientationLandscapeLeft UIInterfaceOrientationLandscapeRight";
				IPHONEOS_DEPLOYMENT_TARGET = 12.0;
				LD_RUNPATH_SEARCH_PATHS = (
					"$(inherited)",
					"@executable_path/Frameworks",
				);
				MARKETING_VERSION = 1.0;
				PRODUCT_BUNDLE_IDENTIFIER = alexei.poprotskii.spaceXapi;
				PRODUCT_NAME = "$(TARGET_NAME)";
				SUPPORTED_PLATFORMS = "iphoneos iphonesimulator";
				SUPPORTS_MACCATALYST = NO;
				SUPPORTS_MAC_DESIGNED_FOR_IPHONE_IPAD = NO;
				SWIFT_EMIT_LOC_STRINGS = YES;
				SWIFT_VERSION = 5.0;
				TARGETED_DEVICE_FAMILY = "1,2";
			};
			name = Release;
		};
/* End XCBuildConfiguration section */

/* Begin XCConfigurationList section */
		B5B96AD529AE0188009B31BB /* Build configuration list for PBXProject "spaceXapi" */ = {
			isa = XCConfigurationList;
			buildConfigurations = (
				B5B96AEC29AE0189009B31BB /* Debug */,
				B5B96AED29AE0189009B31BB /* Release */,
			);
			defaultConfigurationIsVisible = 0;
			defaultConfigurationName = Release;
		};
		B5B96AEE29AE0189009B31BB /* Build configuration list for PBXNativeTarget "spaceXapi" */ = {
			isa = XCConfigurationList;
			buildConfigurations = (
				B5B96AEF29AE0189009B31BB /* Debug */,
				B5B96AF029AE0189009B31BB /* Release */,
			);
			defaultConfigurationIsVisible = 0;
			defaultConfigurationName = Release;
		};
/* End XCConfigurationList section */

/* Begin XCRemoteSwiftPackageReference section */
		B5B96AF729AE0AD6009B31BB /* XCRemoteSwiftPackageReference "Moya" */ = {
			isa = XCRemoteSwiftPackageReference;
			repositoryURL = "https://github.com/Moya/Moya.git";
			requirement = {
				branch = master;
				kind = branch;
			};
		};
		B5B96AFA29AE0B0C009B31BB /* XCRemoteSwiftPackageReference "Alamofire" */ = {
			isa = XCRemoteSwiftPackageReference;
			repositoryURL = "https://github.com/Alamofire/Alamofire";
			requirement = {
				branch = master;
				kind = branch;
			};
		};
		B5B96AFD29AE0C23009B31BB /* XCRemoteSwiftPackageReference "Stevia" */ = {
			isa = XCRemoteSwiftPackageReference;
			repositoryURL = "https://github.com/freshOS/Stevia#-reason";
			requirement = {
				branch = master;
				kind = branch;
			};
		};
/* End XCRemoteSwiftPackageReference section */

/* Begin XCSwiftPackageProductDependency section */
		B5B96AF829AE0AD6009B31BB /* Moya */ = {
			isa = XCSwiftPackageProductDependency;
			package = B5B96AF729AE0AD6009B31BB /* XCRemoteSwiftPackageReference "Moya" */;
			productName = Moya;
		};
		B5B96AFB29AE0B0C009B31BB /* Alamofire */ = {
			isa = XCSwiftPackageProductDependency;
			package = B5B96AFA29AE0B0C009B31BB /* XCRemoteSwiftPackageReference "Alamofire" */;
			productName = Alamofire;
		};
		B5B96AFE29AE0C23009B31BB /* Stevia */ = {
			isa = XCSwiftPackageProductDependency;
			package = B5B96AFD29AE0C23009B31BB /* XCRemoteSwiftPackageReference "Stevia" */;
			productName = Stevia;
		};
/* End XCSwiftPackageProductDependency section */
	};
	rootObject = B5B96AD229AE0188009B31BB /* Project object */;
}
